
Microsoft Visual Studio Solution File, Format Version 12.00
# Visual Studio 15
VisualStudioVersion = 15.0.28010.2046
MinimumVisualStudioVersion = 10.0.40219.1
Project("{FAE04EC0-301F-11D3-BF4B-00C04F79EFBC}") = "HelloRestClient1", "HelloRestClient1\HelloRestClient1.csproj", "{7E262A86-7E05-4CE5-B260-4D38B45D28AA}"
EndProject
Global
	GlobalSection(SolutionConfigurationPlatforms) = preSolution
		Debug|Any CPU = Debug|Any CPU
		Release|Any CPU = Release|Any CPU
	EndGlobalSection
	GlobalSection(ProjectConfigurationPlatforms) = postSolution
		{7E262A86-7E05-4CE5-B260-4D38B45D28AA}.Debug|Any CPU.ActiveCfg = Debug|Any CPU
		{7E262A86-7E05-4CE5-B260-4D38B45D28AA}.Debug|Any CPU.Build.0 = Debug|Any CPU
		{7E262A86-7E05-4CE5-B260-4D38B45D28AA}.Release|Any CPU.ActiveCfg = Release|Any CPU
		{7E262A86-7E05-4CE5-B260-4D38B45D28AA}.Release|Any CPU.Build.0 = Release|Any CPU
	EndGlobalSection
	GlobalSection(SolutionProperties) = preSolution
		HideSolutionNode = FALSE
	EndGlobalSection
	GlobalSection(ExtensibilityGlobals) = postSolution
		SolutionGuid = {6AA60682-44EF-40E0-B37A-19825C4518FE}
	EndGlobalSection
EndGlobal
