
Microsoft Visual Studio Solution File, Format Version 12.00
# Visual Studio 15
VisualStudioVersion = 15.0.27703.2000
MinimumVisualStudioVersion = 10.0.40219.1
Project("{FAE04EC0-301F-11D3-BF4B-00C04F79EFBC}") = "CarRentalServiceTest", "CarRentalServiceTest\CarRentalServiceTest.csproj", "{1B253AB8-4CE7-4B2E-81E9-0A8A8854F14E}"
EndProject
Project("{FAE04EC0-301F-11D3-BF4B-00C04F79EFBC}") = "CarRentalServiceBL", "CarRentalServiceBL\CarRentalServiceBL.csproj", "{C7A326A0-C372-49D8-A9FA-80DB19F99C63}"
EndProject
Project("{FAE04EC0-301F-11D3-BF4B-00C04F79EFBC}") = "CarRentalServiceDL", "CarRentalServiceDL\CarRentalServiceDL.csproj", "{37B4B8B9-DA1F-47CD-B7D5-3ADC7B8275A6}"
EndProject
Project("{FAE04EC0-301F-11D3-BF4B-00C04F79EFBC}") = "HelloService", "HelloService\HelloService.csproj", "{A16ADC51-5E04-40E6-82BA-5F09C3189DCD}"
EndProject
Project("{FAE04EC0-301F-11D3-BF4B-00C04F79EFBC}") = "HelloServiceHost", "HelloServiceHost\HelloServiceHost.csproj", "{454C314A-B3C6-41C0-918D-7B0B680F44AB}"
EndProject
Global
	GlobalSection(SolutionConfigurationPlatforms) = preSolution
		Debug|Any CPU = Debug|Any CPU
		Release|Any CPU = Release|Any CPU
	EndGlobalSection
	GlobalSection(ProjectConfigurationPlatforms) = postSolution
		{1B253AB8-4CE7-4B2E-81E9-0A8A8854F14E}.Debug|Any CPU.ActiveCfg = Debug|Any CPU
		{1B253AB8-4CE7-4B2E-81E9-0A8A8854F14E}.Debug|Any CPU.Build.0 = Debug|Any CPU
		{1B253AB8-4CE7-4B2E-81E9-0A8A8854F14E}.Release|Any CPU.ActiveCfg = Release|Any CPU
		{1B253AB8-4CE7-4B2E-81E9-0A8A8854F14E}.Release|Any CPU.Build.0 = Release|Any CPU
		{C7A326A0-C372-49D8-A9FA-80DB19F99C63}.Debug|Any CPU.ActiveCfg = Debug|Any CPU
		{C7A326A0-C372-49D8-A9FA-80DB19F99C63}.Debug|Any CPU.Build.0 = Debug|Any CPU
		{C7A326A0-C372-49D8-A9FA-80DB19F99C63}.Release|Any CPU.ActiveCfg = Release|Any CPU
		{C7A326A0-C372-49D8-A9FA-80DB19F99C63}.Release|Any CPU.Build.0 = Release|Any CPU
		{37B4B8B9-DA1F-47CD-B7D5-3ADC7B8275A6}.Debug|Any CPU.ActiveCfg = Debug|Any CPU
		{37B4B8B9-DA1F-47CD-B7D5-3ADC7B8275A6}.Debug|Any CPU.Build.0 = Debug|Any CPU
		{37B4B8B9-DA1F-47CD-B7D5-3ADC7B8275A6}.Release|Any CPU.ActiveCfg = Release|Any CPU
		{37B4B8B9-DA1F-47CD-B7D5-3ADC7B8275A6}.Release|Any CPU.Build.0 = Release|Any CPU
		{A16ADC51-5E04-40E6-82BA-5F09C3189DCD}.Debug|Any CPU.ActiveCfg = Debug|Any CPU
		{A16ADC51-5E04-40E6-82BA-5F09C3189DCD}.Debug|Any CPU.Build.0 = Debug|Any CPU
		{A16ADC51-5E04-40E6-82BA-5F09C3189DCD}.Release|Any CPU.ActiveCfg = Release|Any CPU
		{A16ADC51-5E04-40E6-82BA-5F09C3189DCD}.Release|Any CPU.Build.0 = Release|Any CPU
		{454C314A-B3C6-41C0-918D-7B0B680F44AB}.Debug|Any CPU.ActiveCfg = Debug|Any CPU
		{454C314A-B3C6-41C0-918D-7B0B680F44AB}.Debug|Any CPU.Build.0 = Debug|Any CPU
		{454C314A-B3C6-41C0-918D-7B0B680F44AB}.Release|Any CPU.ActiveCfg = Release|Any CPU
		{454C314A-B3C6-41C0-918D-7B0B680F44AB}.Release|Any CPU.Build.0 = Release|Any CPU
	EndGlobalSection
	GlobalSection(SolutionProperties) = preSolution
		HideSolutionNode = FALSE
	EndGlobalSection
	GlobalSection(ExtensibilityGlobals) = postSolution
		SolutionGuid = {D639F81A-81F1-4AA0-8841-438A46B698C1}
	EndGlobalSection
EndGlobal
